// !$*UTF8*$!
{
	archiveVersion = 1;
	classes = {
	};
	objectVersion = 50;
	objects = {

/* Begin PBXBuildFile section */
		CD26B3C12444B4D100D387A2 /* AppDelegate.swift in Sources */ = {isa = PBXBuildFile; fileRef = CD26B3C02444B4D100D387A2 /* AppDelegate.swift */; };
		CD26B3C32444B4D100D387A2 /* SceneDelegate.swift in Sources */ = {isa = PBXBuildFile; fileRef = CD26B3C22444B4D100D387A2 /* SceneDelegate.swift */; };
		CD26B3C52444B4D100D387A2 /* ViewController.swift in Sources */ = {isa = PBXBuildFile; fileRef = CD26B3C42444B4D100D387A2 /* ViewController.swift */; };
		CD26B3C82444B4D100D387A2 /* Main.storyboard in Resources */ = {isa = PBXBuildFile; fileRef = CD26B3C62444B4D100D387A2 /* Main.storyboard */; };
		CD26B3CA2444B4D200D387A2 /* Assets.xcassets in Resources */ = {isa = PBXBuildFile; fileRef = CD26B3C92444B4D200D387A2 /* Assets.xcassets */; };
		CD26B3CD2444B4D200D387A2 /* LaunchScreen.storyboard in Resources */ = {isa = PBXBuildFile; fileRef = CD26B3CB2444B4D200D387A2 /* LaunchScreen.storyboard */; };
		CD26B3D62444B9CF00D387A2 /* CoreBluetooth.framework in Frameworks */ = {isa = PBXBuildFile; fileRef = CD26B3D52444B9CF00D387A2 /* CoreBluetooth.framework */; };
		CD7C1CA8245090A600449F52 /* Tracker.swift in Sources */ = {isa = PBXBuildFile; fileRef = CD7C1CA7245090A600449F52 /* Tracker.swift */; };
/* End PBXBuildFile section */

/* Begin PBXFileReference section */
		CD26B3BD2444B4D100D387A2 /* stopcorona-tracker.app */ = {isa = PBXFileReference; explicitFileType = wrapper.application; includeInIndex = 0; path = "stopcorona-tracker.app"; sourceTree = BUILT_PRODUCTS_DIR; };
		CD26B3C02444B4D100D387A2 /* AppDelegate.swift */ = {isa = PBXFileReference; lastKnownFileType = sourcecode.swift; path = AppDelegate.swift; sourceTree = "<group>"; };
		CD26B3C22444B4D100D387A2 /* SceneDelegate.swift */ = {isa = PBXFileReference; lastKnownFileType = sourcecode.swift; path = SceneDelegate.swift; sourceTree = "<group>"; };
		CD26B3C42444B4D100D387A2 /* ViewController.swift */ = {isa = PBXFileReference; lastKnownFileType = sourcecode.swift; path = ViewController.swift; sourceTree = "<group>"; };
		CD26B3C72444B4D100D387A2 /* Base */ = {isa = PBXFileReference; lastKnownFileType = file.storyboard; name = Base; path = Base.lproj/Main.storyboard; sourceTree = "<group>"; };
		CD26B3C92444B4D200D387A2 /* Assets.xcassets */ = {isa = PBXFileReference; lastKnownFileType = folder.assetcatalog; path = Assets.xcassets; sourceTree = "<group>"; };
		CD26B3CC2444B4D200D387A2 /* Base */ = {isa = PBXFileReference; lastKnownFileType = file.storyboard; name = Base; path = Base.lproj/LaunchScreen.storyboard; sourceTree = "<group>"; };
		CD26B3CE2444B4D200D387A2 /* Info.plist */ = {isa = PBXFileReference; lastKnownFileType = text.plist.xml; path = Info.plist; sourceTree = "<group>"; };
		CD26B3D52444B9CF00D387A2 /* CoreBluetooth.framework */ = {isa = PBXFileReference; lastKnownFileType = wrapper.framework; name = CoreBluetooth.framework; path = System/Library/Frameworks/CoreBluetooth.framework; sourceTree = SDKROOT; };
		CD7C1CA7245090A600449F52 /* Tracker.swift */ = {isa = PBXFileReference; lastKnownFileType = sourcecode.swift; path = Tracker.swift; sourceTree = "<group>"; };
/* End PBXFileReference section */

/* Begin PBXFrameworksBuildPhase section */
		CD26B3BA2444B4D000D387A2 /* Frameworks */ = {
			isa = PBXFrameworksBuildPhase;
			buildActionMask = 2147483647;
			files = (
				CD26B3D62444B9CF00D387A2 /* CoreBluetooth.framework in Frameworks */,
			);
			runOnlyForDeploymentPostprocessing = 0;
		};
/* End PBXFrameworksBuildPhase section */

/* Begin PBXGroup section */
		CD26B3B42444B4D000D387A2 = {
			isa = PBXGroup;
			children = (
				CD26B3BF2444B4D100D387A2 /* stopcorona-tracker */,
				CD26B3BE2444B4D100D387A2 /* Products */,
				CD26B3D42444B9CF00D387A2 /* Frameworks */,
			);
			sourceTree = "<group>";
		};
		CD26B3BE2444B4D100D387A2 /* Products */ = {
			isa = PBXGroup;
			children = (
				CD26B3BD2444B4D100D387A2 /* stopcorona-tracker.app */,
			);
			name = Products;
			sourceTree = "<group>";
		};
		CD26B3BF2444B4D100D387A2 /* stopcorona-tracker */ = {
			isa = PBXGroup;
			children = (
				CD26B3C02444B4D100D387A2 /* AppDelegate.swift */,
				CD26B3C22444B4D100D387A2 /* SceneDelegate.swift */,
				CD26B3C42444B4D100D387A2 /* ViewController.swift */,
				CD26B3C62444B4D100D387A2 /* Main.storyboard */,
				CD26B3C92444B4D200D387A2 /* Assets.xcassets */,
				CD26B3CB2444B4D200D387A2 /* LaunchScreen.storyboard */,
				CD26B3CE2444B4D200D387A2 /* Info.plist */,
				CD7C1CA7245090A600449F52 /* Tracker.swift */,
			);
			path = "stopcorona-tracker";
			sourceTree = "<group>";
		};
		CD26B3D42444B9CF00D387A2 /* Frameworks */ = {
			isa = PBXGroup;
			children = (
				CD26B3D52444B9CF00D387A2 /* CoreBluetooth.framework */,
			);
			name = Frameworks;
			sourceTree = "<group>";
		};
/* End PBXGroup section */

/* Begin PBXNativeTarget section */
		CD26B3BC2444B4D000D387A2 /* stopcorona-tracker */ = {
			isa = PBXNativeTarget;
			buildConfigurationList = CD26B3D12444B4D200D387A2 /* Build configuration list for PBXNativeTarget "stopcorona-tracker" */;
			buildPhases = (
				CD26B3B92444B4D000D387A2 /* Sources */,
				CD26B3BA2444B4D000D387A2 /* Frameworks */,
				CD26B3BB2444B4D000D387A2 /* Resources */,
			);
			buildRules = (
			);
			dependencies = (
			);
			name = "stopcorona-tracker";
			productName = "stopcorona-tracker";
			productReference = CD26B3BD2444B4D100D387A2 /* stopcorona-tracker.app */;
			productType = "com.apple.product-type.application";
		};
/* End PBXNativeTarget section */

/* Begin PBXProject section */
		CD26B3B52444B4D000D387A2 /* Project object */ = {
			isa = PBXProject;
			attributes = {
				LastSwiftUpdateCheck = 1140;
				LastUpgradeCheck = 1140;
				ORGANIZATIONNAME = "Antonie Jovanoski";
				TargetAttributes = {
					CD26B3BC2444B4D000D387A2 = {
						CreatedOnToolsVersion = 11.4;
					};
				};
			};
			buildConfigurationList = CD26B3B82444B4D000D387A2 /* Build configuration list for PBXProject "stopcorona-tracker" */;
			compatibilityVersion = "Xcode 9.3";
			developmentRegion = en;
			hasScannedForEncodings = 0;
			knownRegions = (
				en,
				Base,
			);
			mainGroup = CD26B3B42444B4D000D387A2;
			productRefGroup = CD26B3BE2444B4D100D387A2 /* Products */;
			projectDirPath = "";
			projectRoot = "";
			targets = (
				CD26B3BC2444B4D000D387A2 /* stopcorona-tracker */,
			);
		};
/* End PBXProject section */

/* Begin PBXResourcesBuildPhase section */
		CD26B3BB2444B4D000D387A2 /* Resources */ = {
			isa = PBXResourcesBuildPhase;
			buildActionMask = 2147483647;
			files = (
				CD26B3CD2444B4D200D387A2 /* LaunchScreen.storyboard in Resources */,
				CD26B3CA2444B4D200D387A2 /* Assets.xcassets in Resources */,
				CD26B3C82444B4D100D387A2 /* Main.storyboard in Resources */,
			);
			runOnlyForDeploymentPostprocessing = 0;
		};
/* End PBXResourcesBuildPhase section */

/* Begin PBXSourcesBuildPhase section */
		CD26B3B92444B4D000D387A2 /* Sources */ = {
			isa = PBXSourcesBuildPhase;
			buildActionMask = 2147483647;
			files = (
				CD7C1CA8245090A600449F52 /* Tracker.swift in Sources */,
				CD26B3C52444B4D100D387A2 /* ViewController.swift in Sources */,
				CD26B3C12444B4D100D387A2 /* AppDelegate.swift in Sources */,
				CD26B3C32444B4D100D387A2 /* SceneDelegate.swift in Sources */,
			);
			runOnlyForDeploymentPostprocessing = 0;
		};
/* End PBXSourcesBuildPhase section */

/* Begin PBXVariantGroup section */
		CD26B3C62444B4D100D387A2 /* Main.storyboard */ = {
			isa = PBXVariantGroup;
			children = (
				CD26B3C72444B4D100D387A2 /* Base */,
			);
			name = Main.storyboard;
			sourceTree = "<group>";
		};
		CD26B3CB2444B4D200D387A2 /* LaunchScreen.storyboard */ = {
			isa = PBXVariantGroup;
			children = (
				CD26B3CC2444B4D200D387A2 /* Base */,
			);
			name = LaunchScreen.storyboard;
			sourceTree = "<group>";
		};
/* End PBXVariantGroup section */

/* Begin XCBuildConfiguration section */
		CD26B3CF2444B4D200D387A2 /* Debug */ = {
			isa = XCBuildConfiguration;
			buildSettings = {
				ALWAYS_SEARCH_USER_PATHS = NO;
				CLANG_ANALYZER_NONNULL = YES;
				CLANG_ANALYZER_NUMBER_OBJECT_CONVERSION = YES_AGGRESSIVE;
				CLANG_CXX_LANGUAGE_STANDARD = "gnu++14";
				CLANG_CXX_LIBRARY = "libc++";
				CLANG_ENABLE_MODULES = YES;
				CLANG_ENABLE_OBJC_ARC = YES;
				CLANG_ENABLE_OBJC_WEAK = YES;
				CLANG_WARN_BLOCK_CAPTURE_AUTORELEASING = YES;
				CLANG_WARN_BOOL_CONVERSION = YES;
				CLANG_WARN_COMMA = YES;
				CLANG_WARN_CONSTANT_CONVERSION = YES;
				CLANG_WARN_DEPRECATED_OBJC_IMPLEMENTATIONS = YES;
				CLANG_WARN_DIRECT_OBJC_ISA_USAGE = YES_ERROR;
				CLANG_WARN_DOCUMENTATION_COMMENTS = YES;
				CLANG_WARN_EMPTY_BODY = YES;
				CLANG_WARN_ENUM_CONVERSION = YES;
				CLANG_WARN_INFINITE_RECURSION = YES;
				CLANG_WARN_INT_CONVERSION = YES;
				CLANG_WARN_NON_LITERAL_NULL_CONVERSION = YES;
				CLANG_WARN_OBJC_IMPLICIT_RETAIN_SELF = YES;
				CLANG_WARN_OBJC_LITERAL_CONVERSION = YES;
				CLANG_WARN_OBJC_ROOT_CLASS = YES_ERROR;
				CLANG_WARN_RANGE_LOOP_ANALYSIS = YES;
				CLANG_WARN_STRICT_PROTOTYPES = YES;
				CLANG_WARN_SUSPICIOUS_MOVE = YES;
				CLANG_WARN_UNGUARDED_AVAILABILITY = YES_AGGRESSIVE;
				CLANG_WARN_UNREACHABLE_CODE = YES;
				CLANG_WARN__DUPLICATE_METHOD_MATCH = YES;
				COPY_PHASE_STRIP = NO;
				DEBUG_INFORMATION_FORMAT = dwarf;
				ENABLE_STRICT_OBJC_MSGSEND = YES;
				ENABLE_TESTABILITY = YES;
				GCC_C_LANGUAGE_STANDARD = gnu11;
				GCC_DYNAMIC_NO_PIC = NO;
				GCC_NO_COMMON_BLOCKS = YES;
				GCC_OPTIMIZATION_LEVEL = 0;
				GCC_PREPROCESSOR_DEFINITIONS = (
					"DEBUG=1",
					"$(inherited)",
				);
				GCC_WARN_64_TO_32_BIT_CONVERSION = YES;
				GCC_WARN_ABOUT_RETURN_TYPE = YES_ERROR;
				GCC_WARN_UNDECLARED_SELECTOR = YES;
				GCC_WARN_UNINITIALIZED_AUTOS = YES_AGGRESSIVE;
				GCC_WARN_UNUSED_FUNCTION = YES;
				GCC_WARN_UNUSED_VARIABLE = YES;
				IPHONEOS_DEPLOYMENT_TARGET = 13.4;
				MTL_ENABLE_DEBUG_INFO = INCLUDE_SOURCE;
				MTL_FAST_MATH = YES;
				ONLY_ACTIVE_ARCH = YES;
				SDKROOT = iphoneos;
				SWIFT_ACTIVE_COMPILATION_CONDITIONS = DEBUG;
				SWIFT_OPTIMIZATION_LEVEL = "-Onone";
			};
			name = Debug;
		};
		CD26B3D02444B4D200D387A2 /* Release */ = {
			isa = XCBuildConfiguration;
			buildSettings = {
				ALWAYS_SEARCH_USER_PATHS = NO;
				CLANG_ANALYZER_NONNULL = YES;
				CLANG_ANALYZER_NUMBER_OBJECT_CONVERSION = YES_AGGRESSIVE;
				CLANG_CXX_LANGUAGE_STANDARD = "gnu++14";
				CLANG_CXX_LIBRARY = "libc++";
				CLANG_ENABLE_MODULES = YES;
				CLANG_ENABLE_OBJC_ARC = YES;
				CLANG_ENABLE_OBJC_WEAK = YES;
				CLANG_WARN_BLOCK_CAPTURE_AUTORELEASING = YES;
				CLANG_WARN_BOOL_CONVERSION = YES;
				CLANG_WARN_COMMA = YES;
				CLANG_WARN_CONSTANT_CONVERSION = YES;
				CLANG_WARN_DEPRECATED_OBJC_IMPLEMENTATIONS = YES;
				CLANG_WARN_DIRECT_OBJC_ISA_USAGE = YES_ERROR;
				CLANG_WARN_DOCUMENTATION_COMMENTS = YES;
				CLANG_WARN_EMPTY_BODY = YES;
				CLANG_WARN_ENUM_CONVERSION = YES;
				CLANG_WARN_INFINITE_RECURSION = YES;
				CLANG_WARN_INT_CONVERSION = YES;
				CLANG_WARN_NON_LITERAL_NULL_CONVERSION = YES;
				CLANG_WARN_OBJC_IMPLICIT_RETAIN_SELF = YES;
				CLANG_WARN_OBJC_LITERAL_CONVERSION = YES;
				CLANG_WARN_OBJC_ROOT_CLASS = YES_ERROR;
				CLANG_WARN_RANGE_LOOP_ANALYSIS = YES;
				CLANG_WARN_STRICT_PROTOTYPES = YES;
				CLANG_WARN_SUSPICIOUS_MOVE = YES;
				CLANG_WARN_UNGUARDED_AVAILABILITY = YES_AGGRESSIVE;
				CLANG_WARN_UNREACHABLE_CODE = YES;
				CLANG_WARN__DUPLICATE_METHOD_MATCH = YES;
				COPY_PHASE_STRIP = NO;
				DEBUG_INFORMATION_FORMAT = "dwarf-with-dsym";
				ENABLE_NS_ASSERTIONS = NO;
				ENABLE_STRICT_OBJC_MSGSEND = YES;
				GCC_C_LANGUAGE_STANDARD = gnu11;
				GCC_NO_COMMON_BLOCKS = YES;
				GCC_WARN_64_TO_32_BIT_CONVERSION = YES;
				GCC_WARN_ABOUT_RETURN_TYPE = YES_ERROR;
				GCC_WARN_UNDECLARED_SELECTOR = YES;
				GCC_WARN_UNINITIALIZED_AUTOS = YES_AGGRESSIVE;
				GCC_WARN_UNUSED_FUNCTION = YES;
				GCC_WARN_UNUSED_VARIABLE = YES;
				IPHONEOS_DEPLOYMENT_TARGET = 13.4;
				MTL_ENABLE_DEBUG_INFO = NO;
				MTL_FAST_MATH = YES;
				SDKROOT = iphoneos;
				SWIFT_COMPILATION_MODE = wholemodule;
				SWIFT_OPTIMIZATION_LEVEL = "-O";
				VALIDATE_PRODUCT = YES;
			};
			name = Release;
		};
		CD26B3D22444B4D200D387A2 /* Debug */ = {
			isa = XCBuildConfiguration;
			buildSettings = {
				ASSETCATALOG_COMPILER_APPICON_NAME = AppIcon;
				CODE_SIGN_STYLE = Automatic;
				DEVELOPMENT_TEAM = 9XA2D6V342;
				INFOPLIST_FILE = "stopcorona-tracker/Info.plist";
				LD_RUNPATH_SEARCH_PATHS = (
					"$(inherited)",
					"@executable_path/Frameworks",
				);
				PRODUCT_BUNDLE_IDENTIFIER = "antonie.jovanoski.stopcorona-tracker";
				PRODUCT_NAME = "$(TARGET_NAME)";
				SWIFT_VERSION = 5.0;
				TARGETED_DEVICE_FAMILY = "1,2";
			};
			name = Debug;
		};
		CD26B3D32444B4D200D387A2 /* Release */ = {
			isa = XCBuildConfiguration;
			buildSettings = {
				ASSETCATALOG_COMPILER_APPICON_NAME = AppIcon;
				CODE_SIGN_STYLE = Automatic;
				DEVELOPMENT_TEAM = 9XA2D6V342;
				INFOPLIST_FILE = "stopcorona-tracker/Info.plist";
				LD_RUNPATH_SEARCH_PATHS = (
					"$(inherited)",
					"@executable_path/Frameworks",
				);
				PRODUCT_BUNDLE_IDENTIFIER = "antonie.jovanoski.stopcorona-tracker";
				PRODUCT_NAME = "$(TARGET_NAME)";
				SWIFT_VERSION = 5.0;
				TARGETED_DEVICE_FAMILY = "1,2";
			};
			name = Release;
		};
/* End XCBuildConfiguration section */

/* Begin XCConfigurationList section */
		CD26B3B82444B4D000D387A2 /* Build configuration list for PBXProject "stopcorona-tracker" */ = {
			isa = XCConfigurationList;
			buildConfigurations = (
				CD26B3CF2444B4D200D387A2 /* Debug */,
				CD26B3D02444B4D200D387A2 /* Release */,
			);
			defaultConfigurationIsVisible = 0;
			defaultConfigurationName = Release;
		};
		CD26B3D12444B4D200D387A2 /* Build configuration list for PBXNativeTarget "stopcorona-tracker" */ = {
			isa = XCConfigurationList;
			buildConfigurations = (
				CD26B3D22444B4D200D387A2 /* Debug */,
				CD26B3D32444B4D200D387A2 /* Release */,
			);
			defaultConfigurationIsVisible = 0;
			defaultConfigurationName = Release;
		};
/* End XCConfigurationList section */
	};
	rootObject = CD26B3B52444B4D000D387A2 /* Project object */;
}
